
Microsoft Visual Studio Solution File, Format Version 12.00
# Visual Studio Version 16
VisualStudioVersion = 16.0.30907.101
MinimumVisualStudioVersion = 10.0.40219.1
Project("{FAE04EC0-301F-11D3-BF4B-00C04F79EFBC}") = "UrlShortener", "UrlShortener.csproj", "{D839682E-ED94-4295-8559-08C6E773D97E}"
EndProject
Global
	GlobalSection(SolutionConfigurationPlatforms) = preSolution
		Debug|Any CPU = Debug|Any CPU
		Release|Any CPU = Release|Any CPU
	EndGlobalSection
	GlobalSection(ProjectConfigurationPlatforms) = postSolution
		{D839682E-ED94-4295-8559-08C6E773D97E}.Debug|Any CPU.ActiveCfg = Debug|Any CPU
		{D839682E-ED94-4295-8559-08C6E773D97E}.Debug|Any CPU.Build.0 = Debug|Any CPU
		{D839682E-ED94-4295-8559-08C6E773D97E}.Release|Any CPU.ActiveCfg = Release|Any CPU
		{D839682E-ED94-4295-8559-08C6E773D97E}.Release|Any CPU.Build.0 = Release|Any CPU
	EndGlobalSection
	GlobalSection(SolutionProperties) = preSolution
		HideSolutionNode = FALSE
	EndGlobalSection
	GlobalSection(ExtensibilityGlobals) = postSolution
		SolutionGuid = {D0F73CDB-D297-4513-AC23-E25C4042BBC2}
	EndGlobalSection
EndGlobal
